// !$*UTF8*$!
{
	archiveVersion = 1;
	classes = {
	};
	objectVersion = 50;
	objects = {

/* Begin PBXBuildFile section */
		4ECF3FC42493E86800AFCFEF /* AppDelegate.swift in Sources */ = {isa = PBXBuildFile; fileRef = 4ECF3FC32493E86800AFCFEF /* AppDelegate.swift */; };
		4ECF3FC62493E86800AFCFEF /* SceneDelegate.swift in Sources */ = {isa = PBXBuildFile; fileRef = 4ECF3FC52493E86800AFCFEF /* SceneDelegate.swift */; };
		4ECF3FC82493E86800AFCFEF /* ViewController.swift in Sources */ = {isa = PBXBuildFile; fileRef = 4ECF3FC72493E86800AFCFEF /* ViewController.swift */; };
		4ECF3FCB2493E86800AFCFEF /* Main.storyboard in Resources */ = {isa = PBXBuildFile; fileRef = 4ECF3FC92493E86800AFCFEF /* Main.storyboard */; };
		4ECF3FCD2493E86900AFCFEF /* Assets.xcassets in Resources */ = {isa = PBXBuildFile; fileRef = 4ECF3FCC2493E86900AFCFEF /* Assets.xcassets */; };
		4ECF3FD02493E86900AFCFEF /* LaunchScreen.storyboard in Resources */ = {isa = PBXBuildFile; fileRef = 4ECF3FCE2493E86900AFCFEF /* LaunchScreen.storyboard */; };
/* End PBXBuildFile section */

/* Begin PBXFileReference section */
		4ECF3FC02493E86800AFCFEF /* NagarajAuthAndCotactsDemo.app */ = {isa = PBXFileReference; explicitFileType = wrapper.application; includeInIndex = 0; path = NagarajAuthAndCotactsDemo.app; sourceTree = BUILT_PRODUCTS_DIR; };
		4ECF3FC32493E86800AFCFEF /* AppDelegate.swift */ = {isa = PBXFileReference; lastKnownFileType = sourcecode.swift; path = AppDelegate.swift; sourceTree = "<group>"; };
		4ECF3FC52493E86800AFCFEF /* SceneDelegate.swift */ = {isa = PBXFileReference; lastKnownFileType = sourcecode.swift; path = SceneDelegate.swift; sourceTree = "<group>"; };
		4ECF3FC72493E86800AFCFEF /* ViewController.swift */ = {isa = PBXFileReference; lastKnownFileType = sourcecode.swift; path = ViewController.swift; sourceTree = "<group>"; };
		4ECF3FCA2493E86800AFCFEF /* Base */ = {isa = PBXFileReference; lastKnownFileType = file.storyboard; name = Base; path = Base.lproj/Main.storyboard; sourceTree = "<group>"; };
		4ECF3FCC2493E86900AFCFEF /* Assets.xcassets */ = {isa = PBXFileReference; lastKnownFileType = folder.assetcatalog; path = Assets.xcassets; sourceTree = "<group>"; };
		4ECF3FCF2493E86900AFCFEF /* Base */ = {isa = PBXFileReference; lastKnownFileType = file.storyboard; name = Base; path = Base.lproj/LaunchScreen.storyboard; sourceTree = "<group>"; };
		4ECF3FD12493E86900AFCFEF /* Info.plist */ = {isa = PBXFileReference; lastKnownFileType = text.plist.xml; path = Info.plist; sourceTree = "<group>"; };
/* End PBXFileReference section */

/* Begin PBXFrameworksBuildPhase section */
		4ECF3FBD2493E86800AFCFEF /* Frameworks */ = {
			isa = PBXFrameworksBuildPhase;
			buildActionMask = 2147483647;
			files = (
			);
			runOnlyForDeploymentPostprocessing = 0;
		};
/* End PBXFrameworksBuildPhase section */

/* Begin PBXGroup section */
		4ECF3FB72493E86800AFCFEF = {
			isa = PBXGroup;
			children = (
				4ECF3FC22493E86800AFCFEF /* NagarajAuthAndCotactsDemo */,
				4ECF3FC12493E86800AFCFEF /* Products */,
			);
			sourceTree = "<group>";
		};
		4ECF3FC12493E86800AFCFEF /* Products */ = {
			isa = PBXGroup;
			children = (
				4ECF3FC02493E86800AFCFEF /* NagarajAuthAndCotactsDemo.app */,
			);
			name = Products;
			sourceTree = "<group>";
		};
		4ECF3FC22493E86800AFCFEF /* NagarajAuthAndCotactsDemo */ = {
			isa = PBXGroup;
			children = (
				4ECF3FC32493E86800AFCFEF /* AppDelegate.swift */,
				4ECF3FC52493E86800AFCFEF /* SceneDelegate.swift */,
				4ECF3FC72493E86800AFCFEF /* ViewController.swift */,
				4ECF3FC92493E86800AFCFEF /* Main.storyboard */,
				4ECF3FCC2493E86900AFCFEF /* Assets.xcassets */,
				4ECF3FCE2493E86900AFCFEF /* LaunchScreen.storyboard */,
				4ECF3FD12493E86900AFCFEF /* Info.plist */,
			);
			path = NagarajAuthAndCotactsDemo;
			sourceTree = "<group>";
		};
/* End PBXGroup section */

/* Begin PBXNativeTarget section */
		4ECF3FBF2493E86800AFCFEF /* NagarajAuthAndCotactsDemo */ = {
			isa = PBXNativeTarget;
			buildConfigurationList = 4ECF3FD42493E86900AFCFEF /* Build configuration list for PBXNativeTarget "NagarajAuthAndCotactsDemo" */;
			buildPhases = (
				4ECF3FBC2493E86800AFCFEF /* Sources */,
				4ECF3FBD2493E86800AFCFEF /* Frameworks */,
				4ECF3FBE2493E86800AFCFEF /* Resources */,
			);
			buildRules = (
			);
			dependencies = (
			);
			name = NagarajAuthAndCotactsDemo;
			productName = NagarajAuthAndCotactsDemo;
			productReference = 4ECF3FC02493E86800AFCFEF /* NagarajAuthAndCotactsDemo.app */;
			productType = "com.apple.product-type.application";
		};
/* End PBXNativeTarget section */

/* Begin PBXProject section */
		4ECF3FB82493E86800AFCFEF /* Project object */ = {
			isa = PBXProject;
			attributes = {
				LastSwiftUpdateCheck = 1100;
				LastUpgradeCheck = 1100;
				ORGANIZATIONNAME = "Nagaraj Panni";
				TargetAttributes = {
					4ECF3FBF2493E86800AFCFEF = {
						CreatedOnToolsVersion = 11.0;
					};
				};
			};
			buildConfigurationList = 4ECF3FBB2493E86800AFCFEF /* Build configuration list for PBXProject "NagarajAuthAndCotactsDemo" */;
			compatibilityVersion = "Xcode 9.3";
			developmentRegion = en;
			hasScannedForEncodings = 0;
			knownRegions = (
				en,
				Base,
			);
			mainGroup = 4ECF3FB72493E86800AFCFEF;
			productRefGroup = 4ECF3FC12493E86800AFCFEF /* Products */;
			projectDirPath = "";
			projectRoot = "";
			targets = (
				4ECF3FBF2493E86800AFCFEF /* NagarajAuthAndCotactsDemo */,
			);
		};
/* End PBXProject section */

/* Begin PBXResourcesBuildPhase section */
		4ECF3FBE2493E86800AFCFEF /* Resources */ = {
			isa = PBXResourcesBuildPhase;
			buildActionMask = 2147483647;
			files = (
				4ECF3FD02493E86900AFCFEF /* LaunchScreen.storyboard in Resources */,
				4ECF3FCD2493E86900AFCFEF /* Assets.xcassets in Resources */,
				4ECF3FCB2493E86800AFCFEF /* Main.storyboard in Resources */,
			);
			runOnlyForDeploymentPostprocessing = 0;
		};
/* End PBXResourcesBuildPhase section */

/* Begin PBXSourcesBuildPhase section */
		4ECF3FBC2493E86800AFCFEF /* Sources */ = {
			isa = PBXSourcesBuildPhase;
			buildActionMask = 2147483647;
			files = (
				4ECF3FC82493E86800AFCFEF /* ViewController.swift in Sources */,
				4ECF3FC42493E86800AFCFEF /* AppDelegate.swift in Sources */,
				4ECF3FC62493E86800AFCFEF /* SceneDelegate.swift in Sources */,
			);
			runOnlyForDeploymentPostprocessing = 0;
		};
/* End PBXSourcesBuildPhase section */

/* Begin PBXVariantGroup section */
		4ECF3FC92493E86800AFCFEF /* Main.storyboard */ = {
			isa = PBXVariantGroup;
			children = (
				4ECF3FCA2493E86800AFCFEF /* Base */,
			);
			name = Main.storyboard;
			sourceTree = "<group>";
		};
		4ECF3FCE2493E86900AFCFEF /* LaunchScreen.storyboard */ = {
			isa = PBXVariantGroup;
			children = (
				4ECF3FCF2493E86900AFCFEF /* Base */,
			);
			name = LaunchScreen.storyboard;
			sourceTree = "<group>";
		};
/* End PBXVariantGroup section */

/* Begin XCBuildConfiguration section */
		4ECF3FD22493E86900AFCFEF /* Debug */ = {
			isa = XCBuildConfiguration;
			buildSettings = {
				ALWAYS_SEARCH_USER_PATHS = NO;
				CLANG_ANALYZER_NONNULL = YES;
				CLANG_ANALYZER_NUMBER_OBJECT_CONVERSION = YES_AGGRESSIVE;
				CLANG_CXX_LANGUAGE_STANDARD = "gnu++14";
				CLANG_CXX_LIBRARY = "libc++";
				CLANG_ENABLE_MODULES = YES;
				CLANG_ENABLE_OBJC_ARC = YES;
				CLANG_ENABLE_OBJC_WEAK = YES;
				CLANG_WARN_BLOCK_CAPTURE_AUTORELEASING = YES;
				CLANG_WARN_BOOL_CONVERSION = YES;
				CLANG_WARN_COMMA = YES;
				CLANG_WARN_CONSTANT_CONVERSION = YES;
				CLANG_WARN_DEPRECATED_OBJC_IMPLEMENTATIONS = YES;
				CLANG_WARN_DIRECT_OBJC_ISA_USAGE = YES_ERROR;
				CLANG_WARN_DOCUMENTATION_COMMENTS = YES;
				CLANG_WARN_EMPTY_BODY = YES;
				CLANG_WARN_ENUM_CONVERSION = YES;
				CLANG_WARN_INFINITE_RECURSION = YES;
				CLANG_WARN_INT_CONVERSION = YES;
				CLANG_WARN_NON_LITERAL_NULL_CONVERSION = YES;
				CLANG_WARN_OBJC_IMPLICIT_RETAIN_SELF = YES;
				CLANG_WARN_OBJC_LITERAL_CONVERSION = YES;
				CLANG_WARN_OBJC_ROOT_CLASS = YES_ERROR;
				CLANG_WARN_RANGE_LOOP_ANALYSIS = YES;
				CLANG_WARN_STRICT_PROTOTYPES = YES;
				CLANG_WARN_SUSPICIOUS_MOVE = YES;
				CLANG_WARN_UNGUARDED_AVAILABILITY = YES_AGGRESSIVE;
				CLANG_WARN_UNREACHABLE_CODE = YES;
				CLANG_WARN__DUPLICATE_METHOD_MATCH = YES;
				COPY_PHASE_STRIP = NO;
				DEBUG_INFORMATION_FORMAT = dwarf;
				ENABLE_STRICT_OBJC_MSGSEND = YES;
				ENABLE_TESTABILITY = YES;
				GCC_C_LANGUAGE_STANDARD = gnu11;
				GCC_DYNAMIC_NO_PIC = NO;
				GCC_NO_COMMON_BLOCKS = YES;
				GCC_OPTIMIZATION_LEVEL = 0;
				GCC_PREPROCESSOR_DEFINITIONS = (
					"DEBUG=1",
					"$(inherited)",
				);
				GCC_WARN_64_TO_32_BIT_CONVERSION = YES;
				GCC_WARN_ABOUT_RETURN_TYPE = YES_ERROR;
				GCC_WARN_UNDECLARED_SELECTOR = YES;
				GCC_WARN_UNINITIALIZED_AUTOS = YES_AGGRESSIVE;
				GCC_WARN_UNUSED_FUNCTION = YES;
				GCC_WARN_UNUSED_VARIABLE = YES;
				IPHONEOS_DEPLOYMENT_TARGET = 13.0;
				MTL_ENABLE_DEBUG_INFO = INCLUDE_SOURCE;
				MTL_FAST_MATH = YES;
				ONLY_ACTIVE_ARCH = YES;
				SDKROOT = iphoneos;
				SWIFT_ACTIVE_COMPILATION_CONDITIONS = DEBUG;
				SWIFT_OPTIMIZATION_LEVEL = "-Onone";
			};
			name = Debug;
		};
		4ECF3FD32493E86900AFCFEF /* Release */ = {
			isa = XCBuildConfiguration;
			buildSettings = {
				ALWAYS_SEARCH_USER_PATHS = NO;
				CLANG_ANALYZER_NONNULL = YES;
				CLANG_ANALYZER_NUMBER_OBJECT_CONVERSION = YES_AGGRESSIVE;
				CLANG_CXX_LANGUAGE_STANDARD = "gnu++14";
				CLANG_CXX_LIBRARY = "libc++";
				CLANG_ENABLE_MODULES = YES;
				CLANG_ENABLE_OBJC_ARC = YES;
				CLANG_ENABLE_OBJC_WEAK = YES;
				CLANG_WARN_BLOCK_CAPTURE_AUTORELEASING = YES;
				CLANG_WARN_BOOL_CONVERSION = YES;
				CLANG_WARN_COMMA = YES;
				CLANG_WARN_CONSTANT_CONVERSION = YES;
				CLANG_WARN_DEPRECATED_OBJC_IMPLEMENTATIONS = YES;
				CLANG_WARN_DIRECT_OBJC_ISA_USAGE = YES_ERROR;
				CLANG_WARN_DOCUMENTATION_COMMENTS = YES;
				CLANG_WARN_EMPTY_BODY = YES;
				CLANG_WARN_ENUM_CONVERSION = YES;
				CLANG_WARN_INFINITE_RECURSION = YES;
				CLANG_WARN_INT_CONVERSION = YES;
				CLANG_WARN_NON_LITERAL_NULL_CONVERSION = YES;
				CLANG_WARN_OBJC_IMPLICIT_RETAIN_SELF = YES;
				CLANG_WARN_OBJC_LITERAL_CONVERSION = YES;
				CLANG_WARN_OBJC_ROOT_CLASS = YES_ERROR;
				CLANG_WARN_RANGE_LOOP_ANALYSIS = YES;
				CLANG_WARN_STRICT_PROTOTYPES = YES;
				CLANG_WARN_SUSPICIOUS_MOVE = YES;
				CLANG_WARN_UNGUARDED_AVAILABILITY = YES_AGGRESSIVE;
				CLANG_WARN_UNREACHABLE_CODE = YES;
				CLANG_WARN__DUPLICATE_METHOD_MATCH = YES;
				COPY_PHASE_STRIP = NO;
				DEBUG_INFORMATION_FORMAT = "dwarf-with-dsym";
				ENABLE_NS_ASSERTIONS = NO;
				ENABLE_STRICT_OBJC_MSGSEND = YES;
				GCC_C_LANGUAGE_STANDARD = gnu11;
				GCC_NO_COMMON_BLOCKS = YES;
				GCC_WARN_64_TO_32_BIT_CONVERSION = YES;
				GCC_WARN_ABOUT_RETURN_TYPE = YES_ERROR;
				GCC_WARN_UNDECLARED_SELECTOR = YES;
				GCC_WARN_UNINITIALIZED_AUTOS = YES_AGGRESSIVE;
				GCC_WARN_UNUSED_FUNCTION = YES;
				GCC_WARN_UNUSED_VARIABLE = YES;
				IPHONEOS_DEPLOYMENT_TARGET = 13.0;
				MTL_ENABLE_DEBUG_INFO = NO;
				MTL_FAST_MATH = YES;
				SDKROOT = iphoneos;
				SWIFT_COMPILATION_MODE = wholemodule;
				SWIFT_OPTIMIZATION_LEVEL = "-O";
				VALIDATE_PRODUCT = YES;
			};
			name = Release;
		};
		4ECF3FD52493E86900AFCFEF /* Debug */ = {
			isa = XCBuildConfiguration;
			buildSettings = {
				ASSETCATALOG_COMPILER_APPICON_NAME = AppIcon;
				CODE_SIGN_STYLE = Automatic;
				INFOPLIST_FILE = NagarajAuthAndCotactsDemo/Info.plist;
				LD_RUNPATH_SEARCH_PATHS = (
					"$(inherited)",
					"@executable_path/Frameworks",
				);
				PRODUCT_BUNDLE_IDENTIFIER = com.testinggithub.NagarajAuthAndCotactsDemo;
				PRODUCT_NAME = "$(TARGET_NAME)";
				SWIFT_VERSION = 5.0;
				TARGETED_DEVICE_FAMILY = "1,2";
			};
			name = Debug;
		};
		4ECF3FD62493E86900AFCFEF /* Release */ = {
			isa = XCBuildConfiguration;
			buildSettings = {
				ASSETCATALOG_COMPILER_APPICON_NAME = AppIcon;
				CODE_SIGN_STYLE = Automatic;
				INFOPLIST_FILE = NagarajAuthAndCotactsDemo/Info.plist;
				LD_RUNPATH_SEARCH_PATHS = (
					"$(inherited)",
					"@executable_path/Frameworks",
				);
				PRODUCT_BUNDLE_IDENTIFIER = com.testinggithub.NagarajAuthAndCotactsDemo;
				PRODUCT_NAME = "$(TARGET_NAME)";
				SWIFT_VERSION = 5.0;
				TARGETED_DEVICE_FAMILY = "1,2";
			};
			name = Release;
		};
/* End XCBuildConfiguration section */

/* Begin XCConfigurationList section */
		4ECF3FBB2493E86800AFCFEF /* Build configuration list for PBXProject "NagarajAuthAndCotactsDemo" */ = {
			isa = XCConfigurationList;
			buildConfigurations = (
				4ECF3FD22493E86900AFCFEF /* Debug */,
				4ECF3FD32493E86900AFCFEF /* Release */,
			);
			defaultConfigurationIsVisible = 0;
			defaultConfigurationName = Release;
		};
		4ECF3FD42493E86900AFCFEF /* Build configuration list for PBXNativeTarget "NagarajAuthAndCotactsDemo" */ = {
			isa = XCConfigurationList;
			buildConfigurations = (
				4ECF3FD52493E86900AFCFEF /* Debug */,
				4ECF3FD62493E86900AFCFEF /* Release */,
			);
			defaultConfigurationIsVisible = 0;
			defaultConfigurationName = Release;
		};
/* End XCConfigurationList section */
	};
	rootObject = 4ECF3FB82493E86800AFCFEF /* Project object */;
}
